
Microsoft Visual Studio Solution File, Format Version 12.00
# Visual Studio Version 16
VisualStudioVersion = 16.0.31005.135
MinimumVisualStudioVersion = 15.0.26124.0
Project("{9A19103F-16F7-4668-BE54-9A1E7A4F7556}") = "Topic.Producer", "src\topic\Producer\Topic.Producer.csproj", "{160B5BC3-73F5-4068-BB92-A0537A69B08A}"
EndProject
Project("{9A19103F-16F7-4668-BE54-9A1E7A4F7556}") = "Topic.Consumer", "src\topic\Consumer\Topic.Consumer.csproj", "{1FE01E7D-2516-4796-A30D-B6DFE88C2133}"
EndProject
Project("{9A19103F-16F7-4668-BE54-9A1E7A4F7556}") = "Direct.Producer", "src\direct\Producer\Direct.Producer.csproj", "{CF0A980A-F78C-41F3-9965-335A5A762E16}"
EndProject
Global
	GlobalSection(SolutionConfigurationPlatforms) = preSolution
		Debug|Any CPU = Debug|Any CPU
		Release|Any CPU = Release|Any CPU
	EndGlobalSection
	GlobalSection(ProjectConfigurationPlatforms) = postSolution
		{160B5BC3-73F5-4068-BB92-A0537A69B08A}.Debug|Any CPU.ActiveCfg = Debug|Any CPU
		{160B5BC3-73F5-4068-BB92-A0537A69B08A}.Debug|Any CPU.Build.0 = Debug|Any CPU
		{160B5BC3-73F5-4068-BB92-A0537A69B08A}.Release|Any CPU.ActiveCfg = Release|Any CPU
		{160B5BC3-73F5-4068-BB92-A0537A69B08A}.Release|Any CPU.Build.0 = Release|Any CPU
		{1FE01E7D-2516-4796-A30D-B6DFE88C2133}.Debug|Any CPU.ActiveCfg = Debug|Any CPU
		{1FE01E7D-2516-4796-A30D-B6DFE88C2133}.Debug|Any CPU.Build.0 = Debug|Any CPU
		{1FE01E7D-2516-4796-A30D-B6DFE88C2133}.Release|Any CPU.ActiveCfg = Release|Any CPU
		{1FE01E7D-2516-4796-A30D-B6DFE88C2133}.Release|Any CPU.Build.0 = Release|Any CPU
		{CF0A980A-F78C-41F3-9965-335A5A762E16}.Debug|Any CPU.ActiveCfg = Debug|Any CPU
		{CF0A980A-F78C-41F3-9965-335A5A762E16}.Debug|Any CPU.Build.0 = Debug|Any CPU
		{CF0A980A-F78C-41F3-9965-335A5A762E16}.Release|Any CPU.ActiveCfg = Release|Any CPU
		{CF0A980A-F78C-41F3-9965-335A5A762E16}.Release|Any CPU.Build.0 = Release|Any CPU
	EndGlobalSection
	GlobalSection(SolutionProperties) = preSolution
		HideSolutionNode = FALSE
	EndGlobalSection
	GlobalSection(ExtensibilityGlobals) = postSolution
		SolutionGuid = {7BB4C2A3-CDEA-47C7-967D-D2CD0790E8E6}
	EndGlobalSection
EndGlobal
