
Microsoft Visual Studio Solution File, Format Version 12.00
# Visual Studio Version 16
VisualStudioVersion = 16.0.31005.135
MinimumVisualStudioVersion = 15.0.26124.0
Project("{9A19103F-16F7-4668-BE54-9A1E7A4F7556}") = "TopicProducer", "src\Producer\TopicProducer.csproj", "{E4A3E9EB-E8BB-4ECC-9720-CA9AB7B0A0BF}"
EndProject
Project("{9A19103F-16F7-4668-BE54-9A1E7A4F7556}") = "TopicConsumer", "src\Consumer\TopicConsumer.csproj", "{715627F5-AB83-40AC-8B35-3FB5F030462E}"
EndProject
Global
	GlobalSection(SolutionConfigurationPlatforms) = preSolution
		Debug|Any CPU = Debug|Any CPU
		Release|Any CPU = Release|Any CPU
	EndGlobalSection
	GlobalSection(ProjectConfigurationPlatforms) = postSolution
		{E4A3E9EB-E8BB-4ECC-9720-CA9AB7B0A0BF}.Debug|Any CPU.ActiveCfg = Debug|Any CPU
		{E4A3E9EB-E8BB-4ECC-9720-CA9AB7B0A0BF}.Debug|Any CPU.Build.0 = Debug|Any CPU
		{E4A3E9EB-E8BB-4ECC-9720-CA9AB7B0A0BF}.Release|Any CPU.ActiveCfg = Release|Any CPU
		{E4A3E9EB-E8BB-4ECC-9720-CA9AB7B0A0BF}.Release|Any CPU.Build.0 = Release|Any CPU
		{715627F5-AB83-40AC-8B35-3FB5F030462E}.Debug|Any CPU.ActiveCfg = Debug|Any CPU
		{715627F5-AB83-40AC-8B35-3FB5F030462E}.Debug|Any CPU.Build.0 = Debug|Any CPU
		{715627F5-AB83-40AC-8B35-3FB5F030462E}.Release|Any CPU.ActiveCfg = Release|Any CPU
		{715627F5-AB83-40AC-8B35-3FB5F030462E}.Release|Any CPU.Build.0 = Release|Any CPU
	EndGlobalSection
	GlobalSection(SolutionProperties) = preSolution
		HideSolutionNode = FALSE
	EndGlobalSection
	GlobalSection(ExtensibilityGlobals) = postSolution
		SolutionGuid = {7BB4C2A3-CDEA-47C7-967D-D2CD0790E8E6}
	EndGlobalSection
EndGlobal
